Microsoft Visual Studio Solution File, Format Version 12.00
# Visual Studio Version 17
VisualStudioVersion = 17.14.35906.104
MinimumVisualStudioVersion = 10.0.40219.1
Project("{FAE04EC0-301F-11D3-BF4B-00C04F79EFBC}") = "Try 1.4", "Try 1.4\Try 1.4.csproj", "{AB83B372-389B-48E2-BD3D-7CC5C96069AE}"
EndProject
Global
	GlobalSection(SolutionConfigurationPlatforms) = preSolution
		Debug|Any CPU = Debug|Any CPU
		Release|Any CPU = Release|Any CPU
	EndGlobalSection
	GlobalSection(ProjectConfigurationPlatforms) = postSolution
		{AB83B372-389B-48E2-BD3D-7CC5C96069AE}.Debug|Any CPU.ActiveCfg = Debug|Any CPU
		{AB83B372-389B-48E2-BD3D-7CC5C96069AE}.Debug|Any CPU.Build.0 = Debug|Any CPU
		{AB83B372-389B-48E2-BD3D-7CC5C96069AE}.Release|Any CPU.ActiveCfg = Release|Any CPU
		{AB83B372-389B-48E2-BD3D-7CC5C96069AE}.Release|Any CPU.Build.0 = Release|Any CPU
	EndGlobalSection
	GlobalSection(SolutionProperties) = preSolution
		HideSolutionNode = FALSE
	EndGlobalSection
	GlobalSection(ExtensibilityGlobals) = postSolution
		SolutionGuid = {A960FA72-EBA6-4C0B-857E-78ED5A39A7B5}
	EndGlobalSection
EndGlobal
